
Microsoft Visual Studio Solution File, Format Version 12.00
Project("{FAE04EC0-301F-11D3-BF4B-00C04F79EFBC}") = "AppBuilder", "AppBuilder\AppBuilder.csproj", "{FFB8D587-9FDA-40A5-ABF4-A2AAA9A822C4}"
EndProject
Project("{FAE04EC0-301F-11D3-BF4B-00C04F79EFBC}") = "AppBuilder.Tests", "AppBuilder.Tests\AppBuilder.Tests.csproj", "{2D15E8FD-2638-4729-AC11-6787D0E5B0BA}"
EndProject
Global
	GlobalSection(SolutionConfigurationPlatforms) = preSolution
		Debug|Any CPU = Debug|Any CPU
		Release|Any CPU = Release|Any CPU
	EndGlobalSection
	GlobalSection(ProjectConfigurationPlatforms) = postSolution
		{FFB8D587-9FDA-40A5-ABF4-A2AAA9A822C4}.Debug|Any CPU.ActiveCfg = Debug|Any CPU
		{FFB8D587-9FDA-40A5-ABF4-A2AAA9A822C4}.Debug|Any CPU.Build.0 = Debug|Any CPU
		{FFB8D587-9FDA-40A5-ABF4-A2AAA9A822C4}.Release|Any CPU.ActiveCfg = Release|Any CPU
		{FFB8D587-9FDA-40A5-ABF4-A2AAA9A822C4}.Release|Any CPU.Build.0 = Release|Any CPU
		{2D15E8FD-2638-4729-AC11-6787D0E5B0BA}.Debug|Any CPU.ActiveCfg = Debug|Any CPU
		{2D15E8FD-2638-4729-AC11-6787D0E5B0BA}.Debug|Any CPU.Build.0 = Debug|Any CPU
		{2D15E8FD-2638-4729-AC11-6787D0E5B0BA}.Release|Any CPU.ActiveCfg = Release|Any CPU
		{2D15E8FD-2638-4729-AC11-6787D0E5B0BA}.Release|Any CPU.Build.0 = Release|Any CPU
	EndGlobalSection
	GlobalSection(NestedProjects) = preSolution
	EndGlobalSection
EndGlobal
